{
    "name": "@disnetwork/example",
    "version": "0.0.0",
    "lockfileVersion": 1,
    "requires": true,
    "dependencies": {
        "@disnetwork/core": {
            "version": "0.0.13",
            "resolved": "https://registry.npmjs.org/@disnetwork/core/-/core-0.0.13.tgz",
            "integrity": "sha512-DGvPRykzMU36ailGDZk5f9AGl6toTcx28I/I/ghxLCcnNSg+awjQudIbN8A8ud9LM0GGI6lCbNX3tMtZv9ykPw=="
        }
    }
}
